{
    "_readme": [
        "This file locks the dependencies of your project to a known state",
        "Read more about it at https://getcomposer.org/doc/01-basic-usage.md#composer-lock-the-lock-file",
        "This file is @generated automatically"
    ],
    "content-hash": "10810c80aaafe88cce3d6d38f6d0461a",
    "packages": [
        {
            "name": "robgridley/zebra",
            "version": "2.0.1",
            "source": {
                "type": "git",
                "url": "https://github.com/robgridley/zebra.git",
                "reference": "c02e740388438f5c8b66e4f66936350bc4b4af37"
            },
            "dist": {
                "type": "zip",
                "url": "https://api.github.com/repos/robgridley/zebra/zipball/c02e740388438f5c8b66e4f66936350bc4b4af37",
                "reference": "c02e740388438f5c8b66e4f66936350bc4b4af37",
                "shasum": ""
            },
            "require": {
                "php": ">=7.1.0"
            },
            "require-dev": {
                "phpspec/phpspec": "~2.0"
            },
            "suggest": {
                "ext-gd": "*"
            },
            "type": "library",
            "autoload": {
                "psr-4": {
                    "Zebra\\": "src/"
                }
            },
            "notification-url": "https://packagist.org/downloads/",
            "license": [
                "MIT"
            ],
            "authors": [
                {
                    "name": "Rob Gridley",
                    "email": "me@robgridley.com"
                }
            ],
            "description": "PHP ZPL builder, image conversion and a basic client for network-connected Zebra label printers.",
            "keywords": [
                "image",
                "zebra",
                "zpl"
            ],
            "time": "2018-04-03T14:48:57+00:00"
        }
    ],
    "packages-dev": [],
    "aliases": [],
    "minimum-stability": "stable",
    "stability-flags": [],
    "prefer-stable": false,
    "prefer-lowest": false,
    "platform": [],
    "platform-dev": []
}
